<?xml version="1.0" encoding="utf-8"?>
<Project ToolsVersion="4.0" xmlns="http://schemas.microsoft.com/developer/msbuild/2003">
  <ItemGroup>
    <Filter Include="win32">
      <UniqueIdentifier>{84a8ebd7-7cf0-47f6-b75e-d441df67da40}</UniqueIdentifier>
    </Filter>
    <Filter Include="resource">
      <UniqueIdentifier>{715254bc-d70b-4ec5-bf29-467dd3ace079}</UniqueIdentifier>
    </Filter>
    <Filter Include="src">
      <UniqueIdentifier>{bb6c862e-70e9-49d9-81b7-3829a6f50471}</UniqueIdentifier>
    </Filter>
    <Filter Include="src\utils">
      <UniqueIdentifier>{02bd42bf-27ae-467d-b198-09ace43a89a8}</UniqueIdentifier>
    </Filter>
    <Filter Include="src\Sprite">
      <UniqueIdentifier>{0ce9a00f-9016-42b3-ab32-a73c700e79d3}</UniqueIdentifier>
    </Filter>
    <Filter Include="src\Sprite\weapon">
      <UniqueIdentifier>{abacb54c-5fcb-43ae-af12-b31ebde2f3ee}</UniqueIdentifier>
    </Filter>
  </ItemGroup>
  <ItemGroup>
    <ClCompile Include="main.cpp">
      <Filter>win32</Filter>
    </ClCompile>
    <ClCompile Include="..\Classes\AppDelegate.cpp">
      <Filter>src</Filter>
    </ClCompile>
    <ClCompile Include="..\Classes\GameScene.cpp">
      <Filter>src</Filter>
    </ClCompile>
    <ClCompile Include="..\Classes\WaitingHall.cpp">
      <Filter>src</Filter>
    </ClCompile>
    <ClCompile Include="..\Classes\utils\GameSocket.cpp">
      <Filter>src\utils</Filter>
    </ClCompile>
    <ClCompile Include="..\Classes\Sprite\Player.cpp">
      <Filter>src\Sprite</Filter>
    </ClCompile>
    <ClCompile Include="..\Classes\Sprite\Bullet.cpp">
      <Filter>src\Sprite</Filter>
    </ClCompile>
    <ClCompile Include="..\Classes\Sprite\Boom.cpp">
      <Filter>src\Sprite</Filter>
    </ClCompile>
    <ClCompile Include="..\Classes\Sprite\HealPack.cpp">
      <Filter>src\Sprite</Filter>
    </ClCompile>
    <ClCompile Include="..\Classes\Sprite\weapon\Weapon.cpp">
      <Filter>src\Sprite\weapon</Filter>
    </ClCompile>
    <ClCompile Include="..\Classes\Sprite\weapon\Pistol.cpp">
      <Filter>src\Sprite\weapon</Filter>
    </ClCompile>
    <ClCompile Include="..\Classes\Sprite\weapon\Weapons.cpp">
      <Filter>src\Sprite\weapon</Filter>
    </ClCompile>
    <ClCompile Include="..\Classes\Sprite\weapon\Uzi.cpp">
      <Filter>src\Sprite\weapon</Filter>
    </ClCompile>
    <ClCompile Include="..\Classes\Sprite\weapon\Shotgun.cpp">
      <Filter>src\Sprite\weapon</Filter>
    </ClCompile>
    <ClCompile Include="..\Classes\Sprite\weapon\Laser.cpp">
      <Filter>src\Sprite\weapon</Filter>
    </ClCompile>
    <ClCompile Include="..\Classes\Sprite\weapon\Rocket.cpp">
      <Filter>src\Sprite\weapon</Filter>
    </ClCompile>
    <ClCompile Include="..\Classes\StartScene.cpp">
      <Filter>src</Filter>
    </ClCompile>
    <ClCompile Include="..\Classes\Sprite\Wall.cpp">
      <Filter>src\Sprite</Filter>
    </ClCompile>
    <ClCompile Include="..\Classes\Sprite\Poison.cpp">
      <Filter>src\Sprite</Filter>
    </ClCompile>
  </ItemGroup>
  <ItemGroup>
    <ClInclude Include="main.h">
      <Filter>win32</Filter>
    </ClInclude>
    <ClInclude Include="..\Classes\AppDelegate.h">
      <Filter>src</Filter>
    </ClInclude>
    <ClInclude Include="..\Classes\GameScene.h">
      <Filter>src</Filter>
    </ClInclude>
    <ClInclude Include="..\Classes\WaitingHall.h">
      <Filter>src</Filter>
    </ClInclude>
    <ClInclude Include="..\Classes\utils\GameSocket.h">
      <Filter>src\utils</Filter>
    </ClInclude>
    <ClInclude Include="..\Classes\utils\global.h">
      <Filter>src\utils</Filter>
    </ClInclude>
    <ClInclude Include="..\Classes\Sprite\Player.h">
      <Filter>src\Sprite</Filter>
    </ClInclude>
    <ClInclude Include="..\Classes\Sprite\Sprites.h">
      <Filter>src\Sprite</Filter>
    </ClInclude>
    <ClInclude Include="..\Classes\Sprite\Boom.h">
      <Filter>src\Sprite</Filter>
    </ClInclude>
    <ClInclude Include="..\Classes\Sprite\Bullet.h">
      <Filter>src\Sprite</Filter>
    </ClInclude>
    <ClInclude Include="..\Classes\Sprite\HealPack.h">
      <Filter>src\Sprite</Filter>
    </ClInclude>
    <ClInclude Include="..\Classes\Sprite\weapon\Weapon.h">
      <Filter>src\Sprite\weapon</Filter>
    </ClInclude>
    <ClInclude Include="..\Classes\Sprite\weapon\Weapons.h">
      <Filter>src\Sprite\weapon</Filter>
    </ClInclude>
    <ClInclude Include="..\Classes\Sprite\weapon\Pistol.h">
      <Filter>src\Sprite\weapon</Filter>
    </ClInclude>
    <ClInclude Include="..\Classes\Sprite\weapon\Uzi.h">
      <Filter>src\Sprite\weapon</Filter>
    </ClInclude>
    <ClInclude Include="..\Classes\Sprite\weapon\Shotgun.h">
      <Filter>src\Sprite\weapon</Filter>
    </ClInclude>
    <ClInclude Include="..\Classes\Sprite\weapon\Laser.h">
      <Filter>src\Sprite\weapon</Filter>
    </ClInclude>
    <ClInclude Include="..\Classes\Sprite\weapon\Rocket.h">
      <Filter>src\Sprite\weapon</Filter>
    </ClInclude>
    <ClInclude Include="..\Classes\StartScene.h">
      <Filter>src</Filter>
    </ClInclude>
    <ClInclude Include="..\Classes\Sprite\Wall.h">
      <Filter>src\Sprite</Filter>
    </ClInclude>
    <ClInclude Include="..\Classes\Sprite\Poison.h">
      <Filter>src\Sprite</Filter>
    </ClInclude>
  </ItemGroup>
  <ItemGroup>
    <ResourceCompile Include="game.rc">
      <Filter>resource</Filter>
    </ResourceCompile>
  </ItemGroup>
</Project>